
Microsoft Visual Studio Solution File, Format Version 12.00
# Visual Studio Version 17
VisualStudioVersion = 17.14.36623.8 d17.14
MinimumVisualStudioVersion = 10.0.40219.1
Project("{FAE04EC0-301F-11D3-BF4B-00C04F79EFBC}") = "RentalSystem", "RentalSystem\RentalSystem.csproj", "{1A40E93A-1FD9-4CD3-8C9C-3139138017C6}"
EndProject
Global
	GlobalSection(SolutionConfigurationPlatforms) = preSolution
		Debug|Any CPU = Debug|Any CPU
		Release|Any CPU = Release|Any CPU
	EndGlobalSection
	GlobalSection(ProjectConfigurationPlatforms) = postSolution
		{1A40E93A-1FD9-4CD3-8C9C-3139138017C6}.Debug|Any CPU.ActiveCfg = Debug|Any CPU
		{1A40E93A-1FD9-4CD3-8C9C-3139138017C6}.Debug|Any CPU.Build.0 = Debug|Any CPU
		{1A40E93A-1FD9-4CD3-8C9C-3139138017C6}.Release|Any CPU.ActiveCfg = Release|Any CPU
		{1A40E93A-1FD9-4CD3-8C9C-3139138017C6}.Release|Any CPU.Build.0 = Release|Any CPU
	EndGlobalSection
	GlobalSection(SolutionProperties) = preSolution
		HideSolutionNode = FALSE
	EndGlobalSection
	GlobalSection(ExtensibilityGlobals) = postSolution
		SolutionGuid = {128C1F45-E416-4A29-BB8D-9D08A3D3213B}
	EndGlobalSection
EndGlobal
